
Microsoft Visual Studio Solution File, Format Version 12.00
# Visual Studio Version 16
VisualStudioVersion = 16.0.29009.5
MinimumVisualStudioVersion = 10.0.40219.1
Project("{FAE04EC0-301F-11D3-BF4B-00C04F79EFBC}") = "Downloader", "Downloader\Downloader.csproj", "{D5392192-9DE8-4493-BA70-0F188D50F3BB}"
EndProject
Global
	GlobalSection(SolutionConfigurationPlatforms) = preSolution
		Debug|Any CPU = Debug|Any CPU
		Release|Any CPU = Release|Any CPU
	EndGlobalSection
	GlobalSection(ProjectConfigurationPlatforms) = postSolution
		{D5392192-9DE8-4493-BA70-0F188D50F3BB}.Debug|Any CPU.ActiveCfg = Debug|Any CPU
		{D5392192-9DE8-4493-BA70-0F188D50F3BB}.Debug|Any CPU.Build.0 = Debug|Any CPU
		{D5392192-9DE8-4493-BA70-0F188D50F3BB}.Release|Any CPU.ActiveCfg = Release|Any CPU
		{D5392192-9DE8-4493-BA70-0F188D50F3BB}.Release|Any CPU.Build.0 = Release|Any CPU
	EndGlobalSection
	GlobalSection(SolutionProperties) = preSolution
		HideSolutionNode = FALSE
	EndGlobalSection
	GlobalSection(ExtensibilityGlobals) = postSolution
		SolutionGuid = {7FE44FB9-A2E1-4104-AB1D-987F14F89537}
	EndGlobalSection
EndGlobal
